
Microsoft Visual Studio Solution File, Format Version 12.00
# Visual Studio 15
VisualStudioVersion = 15.0.27004.2008
MinimumVisualStudioVersion = 10.0.40219.1
Project("{9A19103F-16F7-4668-BE54-9A1E7A4F7556}") = "my-new-app2", "my-new-app2.csproj", "{AF336445-46A8-44A9-A257-6D6ED4E3ECDD}"
EndProject
Global
	GlobalSection(SolutionConfigurationPlatforms) = preSolution
		Debug|Any CPU = Debug|Any CPU
		Release|Any CPU = Release|Any CPU
	EndGlobalSection
	GlobalSection(ProjectConfigurationPlatforms) = postSolution
		{AF336445-46A8-44A9-A257-6D6ED4E3ECDD}.Debug|Any CPU.ActiveCfg = Debug|Any CPU
		{AF336445-46A8-44A9-A257-6D6ED4E3ECDD}.Debug|Any CPU.Build.0 = Debug|Any CPU
		{AF336445-46A8-44A9-A257-6D6ED4E3ECDD}.Release|Any CPU.ActiveCfg = Release|Any CPU
		{AF336445-46A8-44A9-A257-6D6ED4E3ECDD}.Release|Any CPU.Build.0 = Release|Any CPU
	EndGlobalSection
	GlobalSection(SolutionProperties) = preSolution
		HideSolutionNode = FALSE
	EndGlobalSection
	GlobalSection(ExtensibilityGlobals) = postSolution
		SolutionGuid = {CB11D10C-480A-46CE-A4B2-78D2B769885C}
	EndGlobalSection
EndGlobal
